
Microsoft Visual Studio Solution File, Format Version 12.00
# Visual Studio Version 17
VisualStudioVersion = 17.0.31903.59
MinimumVisualStudioVersion = 10.0.40219.1
Project("{F2A71F9B-5D33-465A-A702-920D77279786}") = "EFCore.FSharp", "EFCore.FSharp\EFCore.FSharp.fsproj", "{CABD4DB2-9913-473A-8491-5E6E38B4496C}"
EndProject
Global
	GlobalSection(SolutionConfigurationPlatforms) = preSolution
		Debug|Any CPU = Debug|Any CPU
		Release|Any CPU = Release|Any CPU
	EndGlobalSection
	GlobalSection(SolutionProperties) = preSolution
		HideSolutionNode = FALSE
	EndGlobalSection
	GlobalSection(ProjectConfigurationPlatforms) = postSolution
		{CABD4DB2-9913-473A-8491-5E6E38B4496C}.Debug|Any CPU.ActiveCfg = Debug|Any CPU
		{CABD4DB2-9913-473A-8491-5E6E38B4496C}.Debug|Any CPU.Build.0 = Debug|Any CPU
		{CABD4DB2-9913-473A-8491-5E6E38B4496C}.Release|Any CPU.ActiveCfg = Release|Any CPU
		{CABD4DB2-9913-473A-8491-5E6E38B4496C}.Release|Any CPU.Build.0 = Release|Any CPU
	EndGlobalSection
EndGlobal
